
Microsoft Visual Studio Solution File, Format Version 12.00
# Visual Studio Version 16
VisualStudioVersion = 16.0.30104.148
MinimumVisualStudioVersion = 10.0.40219.1
Project("{FAE04EC0-301F-11D3-BF4B-00C04F79EFBC}") = "PracticalCQRS", "PracticalCQRS\PracticalCQRS.csproj", "{8CE3E5B5-5B56-484F-B17E-30E58E3CED50}"
EndProject
Project("{FAE04EC0-301F-11D3-BF4B-00C04F79EFBC}") = "CQDomain", "CQDomain\CQDomain.csproj", "{DAEFDA84-D6F5-4AE6-B06C-4D4833A6A53C}"
EndProject
Project("{FAE04EC0-301F-11D3-BF4B-00C04F79EFBC}") = "Core", "Repository\Core.csproj", "{5384606F-5168-4786-8647-5F4F9DD030E8}"
EndProject
Global
	GlobalSection(SolutionConfigurationPlatforms) = preSolution
		Debug|Any CPU = Debug|Any CPU
		Release|Any CPU = Release|Any CPU
	EndGlobalSection
	GlobalSection(ProjectConfigurationPlatforms) = postSolution
		{8CE3E5B5-5B56-484F-B17E-30E58E3CED50}.Debug|Any CPU.ActiveCfg = Debug|Any CPU
		{8CE3E5B5-5B56-484F-B17E-30E58E3CED50}.Debug|Any CPU.Build.0 = Debug|Any CPU
		{8CE3E5B5-5B56-484F-B17E-30E58E3CED50}.Release|Any CPU.ActiveCfg = Release|Any CPU
		{8CE3E5B5-5B56-484F-B17E-30E58E3CED50}.Release|Any CPU.Build.0 = Release|Any CPU
		{DAEFDA84-D6F5-4AE6-B06C-4D4833A6A53C}.Debug|Any CPU.ActiveCfg = Debug|Any CPU
		{DAEFDA84-D6F5-4AE6-B06C-4D4833A6A53C}.Debug|Any CPU.Build.0 = Debug|Any CPU
		{DAEFDA84-D6F5-4AE6-B06C-4D4833A6A53C}.Release|Any CPU.ActiveCfg = Release|Any CPU
		{DAEFDA84-D6F5-4AE6-B06C-4D4833A6A53C}.Release|Any CPU.Build.0 = Release|Any CPU
		{5384606F-5168-4786-8647-5F4F9DD030E8}.Debug|Any CPU.ActiveCfg = Debug|Any CPU
		{5384606F-5168-4786-8647-5F4F9DD030E8}.Debug|Any CPU.Build.0 = Debug|Any CPU
		{5384606F-5168-4786-8647-5F4F9DD030E8}.Release|Any CPU.ActiveCfg = Release|Any CPU
		{5384606F-5168-4786-8647-5F4F9DD030E8}.Release|Any CPU.Build.0 = Release|Any CPU
	EndGlobalSection
	GlobalSection(SolutionProperties) = preSolution
		HideSolutionNode = FALSE
	EndGlobalSection
	GlobalSection(ExtensibilityGlobals) = postSolution
		SolutionGuid = {8426EB6E-514B-4CC3-8DC5-5C7F5AF0034D}
	EndGlobalSection
EndGlobal
